
Microsoft Visual Studio Solution File, Format Version 12.00
# Visual Studio Version 17
VisualStudioVersion = 17.5.002.0
MinimumVisualStudioVersion = 10.0.40219.1
Project("{9A19103F-16F7-4668-BE54-9A1E7A4F7556}") = "MyTaskBar", "MyTaskBar.csproj", "{8E23A559-60DA-49A5-90D7-3DB35D4B5012}"
EndProject
Global
	GlobalSection(SolutionConfigurationPlatforms) = preSolution
		Debug|Any CPU = Debug|Any CPU
		Release|Any CPU = Release|Any CPU
	EndGlobalSection
	GlobalSection(ProjectConfigurationPlatforms) = postSolution
		{8E23A559-60DA-49A5-90D7-3DB35D4B5012}.Debug|Any CPU.ActiveCfg = Debug|Any CPU
		{8E23A559-60DA-49A5-90D7-3DB35D4B5012}.Debug|Any CPU.Build.0 = Debug|Any CPU
		{8E23A559-60DA-49A5-90D7-3DB35D4B5012}.Release|Any CPU.ActiveCfg = Release|Any CPU
		{8E23A559-60DA-49A5-90D7-3DB35D4B5012}.Release|Any CPU.Build.0 = Release|Any CPU
	EndGlobalSection
	GlobalSection(SolutionProperties) = preSolution
		HideSolutionNode = FALSE
	EndGlobalSection
	GlobalSection(ExtensibilityGlobals) = postSolution
		SolutionGuid = {9DBAED96-98F6-4B65-848B-24B7D362C6C8}
	EndGlobalSection
EndGlobal
